
Microsoft Visual Studio Solution File, Format Version 12.00
# Visual Studio Version 17
VisualStudioVersion = 17.14.37314.3 d17.14
MinimumVisualStudioVersion = 10.0.40219.1
Project("{FAE04EC0-301F-11D3-BF4B-00C04F79EFBC}") = "GeneralControl", "GeneralControl.csproj", "{240830B3-C602-024C-E052-BE2293BA4C06}"
EndProject
Global
	GlobalSection(SolutionConfigurationPlatforms) = preSolution
		Debug|Any CPU = Debug|Any CPU
		Release|Any CPU = Release|Any CPU
	EndGlobalSection
	GlobalSection(ProjectConfigurationPlatforms) = postSolution
		{240830B3-C602-024C-E052-BE2293BA4C06}.Debug|Any CPU.ActiveCfg = Debug|Any CPU
		{240830B3-C602-024C-E052-BE2293BA4C06}.Debug|Any CPU.Build.0 = Debug|Any CPU
		{240830B3-C602-024C-E052-BE2293BA4C06}.Release|Any CPU.ActiveCfg = Release|Any CPU
		{240830B3-C602-024C-E052-BE2293BA4C06}.Release|Any CPU.Build.0 = Release|Any CPU
	EndGlobalSection
	GlobalSection(SolutionProperties) = preSolution
		HideSolutionNode = FALSE
	EndGlobalSection
	GlobalSection(ExtensibilityGlobals) = postSolution
		SolutionGuid = {D1806F14-A969-41FB-AE9A-4A61410D0DAD}
	EndGlobalSection
EndGlobal
